
Microsoft Visual Studio Solution File, Format Version 12.00
# Visual Studio Version 16
VisualStudioVersion = 16.0.29709.97
MinimumVisualStudioVersion = 10.0.40219.1
Project("{FAE04EC0-301F-11D3-BF4B-00C04F79EFBC}") = "Teste", "Teste\Teste.csproj", "{B7DDAE10-D77C-4DB6-BBD1-8BDDFD9DFFF7}"
EndProject
Global
	GlobalSection(SolutionConfigurationPlatforms) = preSolution
		Debug|Any CPU = Debug|Any CPU
		Release|Any CPU = Release|Any CPU
	EndGlobalSection
	GlobalSection(ProjectConfigurationPlatforms) = postSolution
		{B7DDAE10-D77C-4DB6-BBD1-8BDDFD9DFFF7}.Debug|Any CPU.ActiveCfg = Debug|Any CPU
		{B7DDAE10-D77C-4DB6-BBD1-8BDDFD9DFFF7}.Debug|Any CPU.Build.0 = Debug|Any CPU
		{B7DDAE10-D77C-4DB6-BBD1-8BDDFD9DFFF7}.Release|Any CPU.ActiveCfg = Release|Any CPU
		{B7DDAE10-D77C-4DB6-BBD1-8BDDFD9DFFF7}.Release|Any CPU.Build.0 = Release|Any CPU
	EndGlobalSection
	GlobalSection(SolutionProperties) = preSolution
		HideSolutionNode = FALSE
	EndGlobalSection
	GlobalSection(ExtensibilityGlobals) = postSolution
		SolutionGuid = {752D4DC0-1AAE-4FEB-9B83-C4A19B4D6A2C}
	EndGlobalSection
EndGlobal
